
Microsoft Visual Studio Solution File, Format Version 12.00
# Visual Studio Version 16
VisualStudioVersion = 16.0.31515.178
MinimumVisualStudioVersion = 10.0.40219.1
Project("{FAE04EC0-301F-11D3-BF4B-00C04F79EFBC}") = "DnD35Database", "DnD35Database.csproj", "{8F7D7B58-1E74-401A-AC5F-82DA423C9B3F}"
EndProject
Global
	GlobalSection(SolutionConfigurationPlatforms) = preSolution
		Debug|Any CPU = Debug|Any CPU
		Release|Any CPU = Release|Any CPU
	EndGlobalSection
	GlobalSection(ProjectConfigurationPlatforms) = postSolution
		{8F7D7B58-1E74-401A-AC5F-82DA423C9B3F}.Debug|Any CPU.ActiveCfg = Debug|Any CPU
		{8F7D7B58-1E74-401A-AC5F-82DA423C9B3F}.Debug|Any CPU.Build.0 = Debug|Any CPU
		{8F7D7B58-1E74-401A-AC5F-82DA423C9B3F}.Release|Any CPU.ActiveCfg = Release|Any CPU
		{8F7D7B58-1E74-401A-AC5F-82DA423C9B3F}.Release|Any CPU.Build.0 = Release|Any CPU
	EndGlobalSection
	GlobalSection(SolutionProperties) = preSolution
		HideSolutionNode = FALSE
	EndGlobalSection
	GlobalSection(ExtensibilityGlobals) = postSolution
		SolutionGuid = {879C77B8-D68D-4E79-B869-60E125BCBDC9}
	EndGlobalSection
EndGlobal
